// !$*UTF8*$!
{
	archiveVersion = 1;
	classes = {
	};
	objectVersion = 56;
	objects = {

/* Begin PBXBuildFile section */
		FE64EF672C8FA46200F0C2AA /* IssueRow.swift in Sources */ = {isa = PBXBuildFile; fileRef = FE64EF662C8FA46200F0C2AA /* IssueRow.swift */; };
		FE98C14F2C87A076003271FE /* UltimatePortfolio092024App.swift in Sources */ = {isa = PBXBuildFile; fileRef = FE98C14E2C87A076003271FE /* UltimatePortfolio092024App.swift */; };
		FE98C1512C87A076003271FE /* ContentView.swift in Sources */ = {isa = PBXBuildFile; fileRef = FE98C1502C87A076003271FE /* ContentView.swift */; };
		FE98C1532C87A077003271FE /* Assets.xcassets in Resources */ = {isa = PBXBuildFile; fileRef = FE98C1522C87A077003271FE /* Assets.xcassets */; };
		FE98C1572C87A077003271FE /* Preview Assets.xcassets in Resources */ = {isa = PBXBuildFile; fileRef = FE98C1562C87A077003271FE /* Preview Assets.xcassets */; };
		FE98C15F2C88BFAD003271FE /* Main.xcdatamodeld in Sources */ = {isa = PBXBuildFile; fileRef = FE98C15D2C88BFAD003271FE /* Main.xcdatamodeld */; };
		FE98C1612C88C2E6003271FE /* DataController.swift in Sources */ = {isa = PBXBuildFile; fileRef = FE98C1602C88C2E6003271FE /* DataController.swift */; };
		FE98C1642C892953003271FE /* SidebarView.swift in Sources */ = {isa = PBXBuildFile; fileRef = FE98C1632C892953003271FE /* SidebarView.swift */; };
		FE98C1662C892966003271FE /* DetailView.swift in Sources */ = {isa = PBXBuildFile; fileRef = FE98C1652C892966003271FE /* DetailView.swift */; };
		FE98C1682C892B84003271FE /* Filter.swift in Sources */ = {isa = PBXBuildFile; fileRef = FE98C1672C892B84003271FE /* Filter.swift */; };
		FE99BF252C8E88C500630B3C /* Issue-CoreDataHelpers.swift in Sources */ = {isa = PBXBuildFile; fileRef = FE99BF242C8E88C500630B3C /* Issue-CoreDataHelpers.swift */; };
		FE99BF272C8E8A2000630B3C /* Tag-CoreDataHelpers.swift in Sources */ = {isa = PBXBuildFile; fileRef = FE99BF262C8E8A2000630B3C /* Tag-CoreDataHelpers.swift */; };
/* End PBXBuildFile section */

/* Begin PBXFileReference section */
		FE64EF662C8FA46200F0C2AA /* IssueRow.swift */ = {isa = PBXFileReference; lastKnownFileType = sourcecode.swift; path = IssueRow.swift; sourceTree = "<group>"; };
		FE98C14B2C87A076003271FE /* UltimatePortfolio092024.app */ = {isa = PBXFileReference; explicitFileType = wrapper.application; includeInIndex = 0; path = UltimatePortfolio092024.app; sourceTree = BUILT_PRODUCTS_DIR; };
		FE98C14E2C87A076003271FE /* UltimatePortfolio092024App.swift */ = {isa = PBXFileReference; lastKnownFileType = sourcecode.swift; path = UltimatePortfolio092024App.swift; sourceTree = "<group>"; };
		FE98C1502C87A076003271FE /* ContentView.swift */ = {isa = PBXFileReference; lastKnownFileType = sourcecode.swift; path = ContentView.swift; sourceTree = "<group>"; };
		FE98C1522C87A077003271FE /* Assets.xcassets */ = {isa = PBXFileReference; lastKnownFileType = folder.assetcatalog; path = Assets.xcassets; sourceTree = "<group>"; };
		FE98C1542C87A077003271FE /* UltimatePortfolio092024.entitlements */ = {isa = PBXFileReference; lastKnownFileType = text.plist.entitlements; path = UltimatePortfolio092024.entitlements; sourceTree = "<group>"; };
		FE98C1562C87A077003271FE /* Preview Assets.xcassets */ = {isa = PBXFileReference; lastKnownFileType = folder.assetcatalog; path = "Preview Assets.xcassets"; sourceTree = "<group>"; };
		FE98C15E2C88BFAD003271FE /* Main.xcdatamodel */ = {isa = PBXFileReference; lastKnownFileType = wrapper.xcdatamodel; path = Main.xcdatamodel; sourceTree = "<group>"; };
		FE98C1602C88C2E6003271FE /* DataController.swift */ = {isa = PBXFileReference; lastKnownFileType = sourcecode.swift; path = DataController.swift; sourceTree = "<group>"; };
		FE98C1622C88CB79003271FE /* Info.plist */ = {isa = PBXFileReference; lastKnownFileType = text.plist; path = Info.plist; sourceTree = "<group>"; };
		FE98C1632C892953003271FE /* SidebarView.swift */ = {isa = PBXFileReference; lastKnownFileType = sourcecode.swift; path = SidebarView.swift; sourceTree = "<group>"; };
		FE98C1652C892966003271FE /* DetailView.swift */ = {isa = PBXFileReference; lastKnownFileType = sourcecode.swift; path = DetailView.swift; sourceTree = "<group>"; };
		FE98C1672C892B84003271FE /* Filter.swift */ = {isa = PBXFileReference; lastKnownFileType = sourcecode.swift; path = Filter.swift; sourceTree = "<group>"; };
		FE99BF242C8E88C500630B3C /* Issue-CoreDataHelpers.swift */ = {isa = PBXFileReference; lastKnownFileType = sourcecode.swift; path = "Issue-CoreDataHelpers.swift"; sourceTree = "<group>"; };
		FE99BF262C8E8A2000630B3C /* Tag-CoreDataHelpers.swift */ = {isa = PBXFileReference; lastKnownFileType = sourcecode.swift; path = "Tag-CoreDataHelpers.swift"; sourceTree = "<group>"; };
/* End PBXFileReference section */

/* Begin PBXFrameworksBuildPhase section */
		FE98C1482C87A076003271FE /* Frameworks */ = {
			isa = PBXFrameworksBuildPhase;
			buildActionMask = 2147483647;
			files = (
			);
			runOnlyForDeploymentPostprocessing = 0;
		};
/* End PBXFrameworksBuildPhase section */

/* Begin PBXGroup section */
		FE98C1422C87A076003271FE = {
			isa = PBXGroup;
			children = (
				FE98C14D2C87A076003271FE /* UltimatePortfolio092024 */,
				FE98C14C2C87A076003271FE /* Products */,
			);
			sourceTree = "<group>";
		};
		FE98C14C2C87A076003271FE /* Products */ = {
			isa = PBXGroup;
			children = (
				FE98C14B2C87A076003271FE /* UltimatePortfolio092024.app */,
			);
			name = Products;
			sourceTree = "<group>";
		};
		FE98C14D2C87A076003271FE /* UltimatePortfolio092024 */ = {
			isa = PBXGroup;
			children = (
				FE98C1622C88CB79003271FE /* Info.plist */,
				FE98C14E2C87A076003271FE /* UltimatePortfolio092024App.swift */,
				FE98C1672C892B84003271FE /* Filter.swift */,
				FE98C15D2C88BFAD003271FE /* Main.xcdatamodeld */,
				FE99BF242C8E88C500630B3C /* Issue-CoreDataHelpers.swift */,
				FE99BF262C8E8A2000630B3C /* Tag-CoreDataHelpers.swift */,
				FE98C1602C88C2E6003271FE /* DataController.swift */,
				FE99BF2A2C8E8F1200630B3C /* Views */,
				FE98C1522C87A077003271FE /* Assets.xcassets */,
				FE98C1542C87A077003271FE /* UltimatePortfolio092024.entitlements */,
				FE98C1552C87A077003271FE /* Preview Content */,
			);
			path = UltimatePortfolio092024;
			sourceTree = "<group>";
		};
		FE98C1552C87A077003271FE /* Preview Content */ = {
			isa = PBXGroup;
			children = (
				FE98C1562C87A077003271FE /* Preview Assets.xcassets */,
			);
			path = "Preview Content";
			sourceTree = "<group>";
		};
		FE99BF2A2C8E8F1200630B3C /* Views */ = {
			isa = PBXGroup;
			children = (
				FE98C1632C892953003271FE /* SidebarView.swift */,
				FE98C1502C87A076003271FE /* ContentView.swift */,
				FE64EF662C8FA46200F0C2AA /* IssueRow.swift */,
				FE98C1652C892966003271FE /* DetailView.swift */,
			);
			path = Views;
			sourceTree = "<group>";
		};
/* End PBXGroup section */

/* Begin PBXNativeTarget section */
		FE98C14A2C87A076003271FE /* UltimatePortfolio092024 */ = {
			isa = PBXNativeTarget;
			buildConfigurationList = FE98C15A2C87A077003271FE /* Build configuration list for PBXNativeTarget "UltimatePortfolio092024" */;
			buildPhases = (
				FE98C1472C87A076003271FE /* Sources */,
				FE98C1482C87A076003271FE /* Frameworks */,
				FE98C1492C87A076003271FE /* Resources */,
			);
			buildRules = (
			);
			dependencies = (
			);
			name = UltimatePortfolio092024;
			productName = UltimatePortfolio092024;
			productReference = FE98C14B2C87A076003271FE /* UltimatePortfolio092024.app */;
			productType = "com.apple.product-type.application";
		};
/* End PBXNativeTarget section */

/* Begin PBXProject section */
		FE98C1432C87A076003271FE /* Project object */ = {
			isa = PBXProject;
			attributes = {
				BuildIndependentTargetsInParallel = 1;
				LastSwiftUpdateCheck = 1540;
				LastUpgradeCheck = 1540;
				TargetAttributes = {
					FE98C14A2C87A076003271FE = {
						CreatedOnToolsVersion = 15.4;
					};
				};
			};
			buildConfigurationList = FE98C1462C87A076003271FE /* Build configuration list for PBXProject "UltimatePortfolio092024" */;
			compatibilityVersion = "Xcode 14.0";
			developmentRegion = en;
			hasScannedForEncodings = 0;
			knownRegions = (
				en,
				Base,
			);
			mainGroup = FE98C1422C87A076003271FE;
			productRefGroup = FE98C14C2C87A076003271FE /* Products */;
			projectDirPath = "";
			projectRoot = "";
			targets = (
				FE98C14A2C87A076003271FE /* UltimatePortfolio092024 */,
			);
		};
/* End PBXProject section */

/* Begin PBXResourcesBuildPhase section */
		FE98C1492C87A076003271FE /* Resources */ = {
			isa = PBXResourcesBuildPhase;
			buildActionMask = 2147483647;
			files = (
				FE98C1572C87A077003271FE /* Preview Assets.xcassets in Resources */,
				FE98C1532C87A077003271FE /* Assets.xcassets in Resources */,
			);
			runOnlyForDeploymentPostprocessing = 0;
		};
/* End PBXResourcesBuildPhase section */

/* Begin PBXSourcesBuildPhase section */
		FE98C1472C87A076003271FE /* Sources */ = {
			isa = PBXSourcesBuildPhase;
			buildActionMask = 2147483647;
			files = (
				FE98C1682C892B84003271FE /* Filter.swift in Sources */,
				FE99BF272C8E8A2000630B3C /* Tag-CoreDataHelpers.swift in Sources */,
				FE98C15F2C88BFAD003271FE /* Main.xcdatamodeld in Sources */,
				FE99BF252C8E88C500630B3C /* Issue-CoreDataHelpers.swift in Sources */,
				FE98C1662C892966003271FE /* DetailView.swift in Sources */,
				FE98C1612C88C2E6003271FE /* DataController.swift in Sources */,
				FE98C1642C892953003271FE /* SidebarView.swift in Sources */,
				FE98C1512C87A076003271FE /* ContentView.swift in Sources */,
				FE64EF672C8FA46200F0C2AA /* IssueRow.swift in Sources */,
				FE98C14F2C87A076003271FE /* UltimatePortfolio092024App.swift in Sources */,
			);
			runOnlyForDeploymentPostprocessing = 0;
		};
/* End PBXSourcesBuildPhase section */

/* Begin XCBuildConfiguration section */
		FE98C1582C87A077003271FE /* Debug */ = {
			isa = XCBuildConfiguration;
			buildSettings = {
				ALWAYS_SEARCH_USER_PATHS = NO;
				ASSETCATALOG_COMPILER_GENERATE_SWIFT_ASSET_SYMBOL_EXTENSIONS = YES;
				CLANG_ANALYZER_NONNULL = YES;
				CLANG_ANALYZER_NUMBER_OBJECT_CONVERSION = YES_AGGRESSIVE;
				CLANG_CXX_LANGUAGE_STANDARD = "gnu++20";
				CLANG_ENABLE_MODULES = YES;
				CLANG_ENABLE_OBJC_ARC = YES;
				CLANG_ENABLE_OBJC_WEAK = YES;
				CLANG_WARN_BLOCK_CAPTURE_AUTORELEASING = YES;
				CLANG_WARN_BOOL_CONVERSION = YES;
				CLANG_WARN_COMMA = YES;
				CLANG_WARN_CONSTANT_CONVERSION = YES;
				CLANG_WARN_DEPRECATED_OBJC_IMPLEMENTATIONS = YES;
				CLANG_WARN_DIRECT_OBJC_ISA_USAGE = YES_ERROR;
				CLANG_WARN_DOCUMENTATION_COMMENTS = YES;
				CLANG_WARN_EMPTY_BODY = YES;
				CLANG_WARN_ENUM_CONVERSION = YES;
				CLANG_WARN_INFINITE_RECURSION = YES;
				CLANG_WARN_INT_CONVERSION = YES;
				CLANG_WARN_NON_LITERAL_NULL_CONVERSION = YES;
				CLANG_WARN_OBJC_IMPLICIT_RETAIN_SELF = YES;
				CLANG_WARN_OBJC_LITERAL_CONVERSION = YES;
				CLANG_WARN_OBJC_ROOT_CLASS = YES_ERROR;
				CLANG_WARN_QUOTED_INCLUDE_IN_FRAMEWORK_HEADER = YES;
				CLANG_WARN_RANGE_LOOP_ANALYSIS = YES;
				CLANG_WARN_STRICT_PROTOTYPES = YES;
				CLANG_WARN_SUSPICIOUS_MOVE = YES;
				CLANG_WARN_UNGUARDED_AVAILABILITY = YES_AGGRESSIVE;
				CLANG_WARN_UNREACHABLE_CODE = YES;
				CLANG_WARN__DUPLICATE_METHOD_MATCH = YES;
				COPY_PHASE_STRIP = NO;
				DEBUG_INFORMATION_FORMAT = dwarf;
				ENABLE_STRICT_OBJC_MSGSEND = YES;
				ENABLE_TESTABILITY = YES;
				ENABLE_USER_SCRIPT_SANDBOXING = YES;
				GCC_C_LANGUAGE_STANDARD = gnu17;
				GCC_DYNAMIC_NO_PIC = NO;
				GCC_NO_COMMON_BLOCKS = YES;
				GCC_OPTIMIZATION_LEVEL = 0;
				GCC_PREPROCESSOR_DEFINITIONS = (
					"DEBUG=1",
					"$(inherited)",
				);
				GCC_WARN_64_TO_32_BIT_CONVERSION = YES;
				GCC_WARN_ABOUT_RETURN_TYPE = YES_ERROR;
				GCC_WARN_UNDECLARED_SELECTOR = YES;
				GCC_WARN_UNINITIALIZED_AUTOS = YES_AGGRESSIVE;
				GCC_WARN_UNUSED_FUNCTION = YES;
				GCC_WARN_UNUSED_VARIABLE = YES;
				LOCALIZATION_PREFERS_STRING_CATALOGS = YES;
				MTL_ENABLE_DEBUG_INFO = INCLUDE_SOURCE;
				MTL_FAST_MATH = YES;
				ONLY_ACTIVE_ARCH = YES;
				SWIFT_ACTIVE_COMPILATION_CONDITIONS = "DEBUG $(inherited)";
				SWIFT_OPTIMIZATION_LEVEL = "-Onone";
			};
			name = Debug;
		};
		FE98C1592C87A077003271FE /* Release */ = {
			isa = XCBuildConfiguration;
			buildSettings = {
				ALWAYS_SEARCH_USER_PATHS = NO;
				ASSETCATALOG_COMPILER_GENERATE_SWIFT_ASSET_SYMBOL_EXTENSIONS = YES;
				CLANG_ANALYZER_NONNULL = YES;
				CLANG_ANALYZER_NUMBER_OBJECT_CONVERSION = YES_AGGRESSIVE;
				CLANG_CXX_LANGUAGE_STANDARD = "gnu++20";
				CLANG_ENABLE_MODULES = YES;
				CLANG_ENABLE_OBJC_ARC = YES;
				CLANG_ENABLE_OBJC_WEAK = YES;
				CLANG_WARN_BLOCK_CAPTURE_AUTORELEASING = YES;
				CLANG_WARN_BOOL_CONVERSION = YES;
				CLANG_WARN_COMMA = YES;
				CLANG_WARN_CONSTANT_CONVERSION = YES;
				CLANG_WARN_DEPRECATED_OBJC_IMPLEMENTATIONS = YES;
				CLANG_WARN_DIRECT_OBJC_ISA_USAGE = YES_ERROR;
				CLANG_WARN_DOCUMENTATION_COMMENTS = YES;
				CLANG_WARN_EMPTY_BODY = YES;
				CLANG_WARN_ENUM_CONVERSION = YES;
				CLANG_WARN_INFINITE_RECURSION = YES;
				CLANG_WARN_INT_CONVERSION = YES;
				CLANG_WARN_NON_LITERAL_NULL_CONVERSION = YES;
				CLANG_WARN_OBJC_IMPLICIT_RETAIN_SELF = YES;
				CLANG_WARN_OBJC_LITERAL_CONVERSION = YES;
				CLANG_WARN_OBJC_ROOT_CLASS = YES_ERROR;
				CLANG_WARN_QUOTED_INCLUDE_IN_FRAMEWORK_HEADER = YES;
				CLANG_WARN_RANGE_LOOP_ANALYSIS = YES;
				CLANG_WARN_STRICT_PROTOTYPES = YES;
				CLANG_WARN_SUSPICIOUS_MOVE = YES;
				CLANG_WARN_UNGUARDED_AVAILABILITY = YES_AGGRESSIVE;
				CLANG_WARN_UNREACHABLE_CODE = YES;
				CLANG_WARN__DUPLICATE_METHOD_MATCH = YES;
				COPY_PHASE_STRIP = NO;
				DEBUG_INFORMATION_FORMAT = "dwarf-with-dsym";
				ENABLE_NS_ASSERTIONS = NO;
				ENABLE_STRICT_OBJC_MSGSEND = YES;
				ENABLE_USER_SCRIPT_SANDBOXING = YES;
				GCC_C_LANGUAGE_STANDARD = gnu17;
				GCC_NO_COMMON_BLOCKS = YES;
				GCC_WARN_64_TO_32_BIT_CONVERSION = YES;
				GCC_WARN_ABOUT_RETURN_TYPE = YES_ERROR;
				GCC_WARN_UNDECLARED_SELECTOR = YES;
				GCC_WARN_UNINITIALIZED_AUTOS = YES_AGGRESSIVE;
				GCC_WARN_UNUSED_FUNCTION = YES;
				GCC_WARN_UNUSED_VARIABLE = YES;
				LOCALIZATION_PREFERS_STRING_CATALOGS = YES;
				MTL_ENABLE_DEBUG_INFO = NO;
				MTL_FAST_MATH = YES;
				SWIFT_COMPILATION_MODE = wholemodule;
			};
			name = Release;
		};
		FE98C15B2C87A077003271FE /* Debug */ = {
			isa = XCBuildConfiguration;
			buildSettings = {
				ASSETCATALOG_COMPILER_APPICON_NAME = AppIcon;
				ASSETCATALOG_COMPILER_GLOBAL_ACCENT_COLOR_NAME = AccentColor;
				CODE_SIGN_ENTITLEMENTS = UltimatePortfolio092024/UltimatePortfolio092024.entitlements;
				CODE_SIGN_STYLE = Automatic;
				CURRENT_PROJECT_VERSION = 1;
				DEVELOPMENT_ASSET_PATHS = "\"UltimatePortfolio092024/Preview Content\"";
				DEVELOPMENT_TEAM = Z94SH58377;
				ENABLE_HARDENED_RUNTIME = YES;
				ENABLE_PREVIEWS = YES;
				GENERATE_INFOPLIST_FILE = YES;
				INFOPLIST_FILE = UltimatePortfolio092024/Info.plist;
				"INFOPLIST_KEY_UIApplicationSceneManifest_Generation[sdk=iphoneos*]" = YES;
				"INFOPLIST_KEY_UIApplicationSceneManifest_Generation[sdk=iphonesimulator*]" = YES;
				"INFOPLIST_KEY_UIApplicationSupportsIndirectInputEvents[sdk=iphoneos*]" = YES;
				"INFOPLIST_KEY_UIApplicationSupportsIndirectInputEvents[sdk=iphonesimulator*]" = YES;
				"INFOPLIST_KEY_UILaunchScreen_Generation[sdk=iphoneos*]" = YES;
				"INFOPLIST_KEY_UILaunchScreen_Generation[sdk=iphonesimulator*]" = YES;
				"INFOPLIST_KEY_UIStatusBarStyle[sdk=iphoneos*]" = UIStatusBarStyleDefault;
				"INFOPLIST_KEY_UIStatusBarStyle[sdk=iphonesimulator*]" = UIStatusBarStyleDefault;
				INFOPLIST_KEY_UISupportedInterfaceOrientations_iPad = "UIInterfaceOrientationPortrait UIInterfaceOrientationPortraitUpsideDown UIInterfaceOrientationLandscapeLeft UIInterfaceOrientationLandscapeRight";
				INFOPLIST_KEY_UISupportedInterfaceOrientations_iPhone = "UIInterfaceOrientationPortrait UIInterfaceOrientationLandscapeLeft UIInterfaceOrientationLandscapeRight";
				IPHONEOS_DEPLOYMENT_TARGET = 17.5;
				LD_RUNPATH_SEARCH_PATHS = "@executable_path/Frameworks";
				"LD_RUNPATH_SEARCH_PATHS[sdk=macosx*]" = "@executable_path/../Frameworks";
				MACOSX_DEPLOYMENT_TARGET = 14.5;
				MARKETING_VERSION = 1.0;
				PRODUCT_BUNDLE_IDENTIFIER = com.kb.UltimatePortfolio092024;
				PRODUCT_NAME = "$(TARGET_NAME)";
				SDKROOT = auto;
				SUPPORTED_PLATFORMS = "iphoneos iphonesimulator macosx";
				SWIFT_EMIT_LOC_STRINGS = YES;
				SWIFT_VERSION = 5.0;
				TARGETED_DEVICE_FAMILY = "1,2";
			};
			name = Debug;
		};
		FE98C15C2C87A077003271FE /* Release */ = {
			isa = XCBuildConfiguration;
			buildSettings = {
				ASSETCATALOG_COMPILER_APPICON_NAME = AppIcon;
				ASSETCATALOG_COMPILER_GLOBAL_ACCENT_COLOR_NAME = AccentColor;
				CODE_SIGN_ENTITLEMENTS = UltimatePortfolio092024/UltimatePortfolio092024.entitlements;
				CODE_SIGN_STYLE = Automatic;
				CURRENT_PROJECT_VERSION = 1;
				DEVELOPMENT_ASSET_PATHS = "\"UltimatePortfolio092024/Preview Content\"";
				DEVELOPMENT_TEAM = Z94SH58377;
				ENABLE_HARDENED_RUNTIME = YES;
				ENABLE_PREVIEWS = YES;
				GENERATE_INFOPLIST_FILE = YES;
				INFOPLIST_FILE = UltimatePortfolio092024/Info.plist;
				"INFOPLIST_KEY_UIApplicationSceneManifest_Generation[sdk=iphoneos*]" = YES;
				"INFOPLIST_KEY_UIApplicationSceneManifest_Generation[sdk=iphonesimulator*]" = YES;
				"INFOPLIST_KEY_UIApplicationSupportsIndirectInputEvents[sdk=iphoneos*]" = YES;
				"INFOPLIST_KEY_UIApplicationSupportsIndirectInputEvents[sdk=iphonesimulator*]" = YES;
				"INFOPLIST_KEY_UILaunchScreen_Generation[sdk=iphoneos*]" = YES;
				"INFOPLIST_KEY_UILaunchScreen_Generation[sdk=iphonesimulator*]" = YES;
				"INFOPLIST_KEY_UIStatusBarStyle[sdk=iphoneos*]" = UIStatusBarStyleDefault;
				"INFOPLIST_KEY_UIStatusBarStyle[sdk=iphonesimulator*]" = UIStatusBarStyleDefault;
				INFOPLIST_KEY_UISupportedInterfaceOrientations_iPad = "UIInterfaceOrientationPortrait UIInterfaceOrientationPortraitUpsideDown UIInterfaceOrientationLandscapeLeft UIInterfaceOrientationLandscapeRight";
				INFOPLIST_KEY_UISupportedInterfaceOrientations_iPhone = "UIInterfaceOrientationPortrait UIInterfaceOrientationLandscapeLeft UIInterfaceOrientationLandscapeRight";
				IPHONEOS_DEPLOYMENT_TARGET = 17.5;
				LD_RUNPATH_SEARCH_PATHS = "@executable_path/Frameworks";
				"LD_RUNPATH_SEARCH_PATHS[sdk=macosx*]" = "@executable_path/../Frameworks";
				MACOSX_DEPLOYMENT_TARGET = 14.5;
				MARKETING_VERSION = 1.0;
				PRODUCT_BUNDLE_IDENTIFIER = com.kb.UltimatePortfolio092024;
				PRODUCT_NAME = "$(TARGET_NAME)";
				SDKROOT = auto;
				SUPPORTED_PLATFORMS = "iphoneos iphonesimulator macosx";
				SWIFT_EMIT_LOC_STRINGS = YES;
				SWIFT_VERSION = 5.0;
				TARGETED_DEVICE_FAMILY = "1,2";
			};
			name = Release;
		};
/* End XCBuildConfiguration section */

/* Begin XCConfigurationList section */
		FE98C1462C87A076003271FE /* Build configuration list for PBXProject "UltimatePortfolio092024" */ = {
			isa = XCConfigurationList;
			buildConfigurations = (
				FE98C1582C87A077003271FE /* Debug */,
				FE98C1592C87A077003271FE /* Release */,
			);
			defaultConfigurationIsVisible = 0;
			defaultConfigurationName = Release;
		};
		FE98C15A2C87A077003271FE /* Build configuration list for PBXNativeTarget "UltimatePortfolio092024" */ = {
			isa = XCConfigurationList;
			buildConfigurations = (
				FE98C15B2C87A077003271FE /* Debug */,
				FE98C15C2C87A077003271FE /* Release */,
			);
			defaultConfigurationIsVisible = 0;
			defaultConfigurationName = Release;
		};
/* End XCConfigurationList section */

/* Begin XCVersionGroup section */
		FE98C15D2C88BFAD003271FE /* Main.xcdatamodeld */ = {
			isa = XCVersionGroup;
			children = (
				FE98C15E2C88BFAD003271FE /* Main.xcdatamodel */,
			);
			currentVersion = FE98C15E2C88BFAD003271FE /* Main.xcdatamodel */;
			name = Main.xcdatamodeld;
			path = "/Users/keybarreto/Desktop/Xcode Projects/UltimatePortfolio092024/UltimatePortfolio092024/Main.xcdatamodeld";
			sourceTree = "<group>";
			versionGroupType = wrapper.xcdatamodel;
		};
/* End XCVersionGroup section */
	};
	rootObject = FE98C1432C87A076003271FE /* Project object */;
}
